
Microsoft Visual Studio Solution File, Format Version 12.00
# Visual Studio 15
VisualStudioVersion = 15.0.28307.271
MinimumVisualStudioVersion = 10.0.40219.1
Project("{FAE04EC0-301F-11D3-BF4B-00C04F79EFBC}") = "Demo_SP2019", "Demo_SP2019\Demo_SP2019.csproj", "{A46D22B4-4BED-4632-972E-B8F5670DA333}"
EndProject
Global
	GlobalSection(SolutionConfigurationPlatforms) = preSolution
		Debug|Any CPU = Debug|Any CPU
		Release|Any CPU = Release|Any CPU
	EndGlobalSection
	GlobalSection(ProjectConfigurationPlatforms) = postSolution
		{A46D22B4-4BED-4632-972E-B8F5670DA333}.Debug|Any CPU.ActiveCfg = Debug|Any CPU
		{A46D22B4-4BED-4632-972E-B8F5670DA333}.Debug|Any CPU.Build.0 = Debug|Any CPU
		{A46D22B4-4BED-4632-972E-B8F5670DA333}.Release|Any CPU.ActiveCfg = Release|Any CPU
		{A46D22B4-4BED-4632-972E-B8F5670DA333}.Release|Any CPU.Build.0 = Release|Any CPU
	EndGlobalSection
	GlobalSection(SolutionProperties) = preSolution
		HideSolutionNode = FALSE
	EndGlobalSection
	GlobalSection(ExtensibilityGlobals) = postSolution
		SolutionGuid = {FEA799B0-655F-4DB8-85B0-80EC83B5484E}
	EndGlobalSection
EndGlobal
